{
    "_readme": [
        "This file locks the dependencies of your project to a known state",
        "Read more about it at https://getcomposer.org/doc/01-basic-usage.md#installing-dependencies",
        "This file is @generated automatically"
    ],
    "content-hash": "0ac7f2791be564831f83ba1de29e8e8f",
    "packages": [
        {
            "name": "mindplay/readable",
            "version": "1.1.2",
            "source": {
                "type": "git",
                "url": "https://github.com/mindplay-dk/readable.git",
                "reference": "0d5905202c86a4671ad901cad3ac4fdd5b8fc0c0"
            },
            "dist": {
                "type": "zip",
                "url": "https://api.github.com/repos/mindplay-dk/readable/zipball/0d5905202c86a4671ad901cad3ac4fdd5b8fc0c0",
                "reference": "0d5905202c86a4671ad901cad3ac4fdd5b8fc0c0",
                "shasum": ""
            },
            "require": {
                "php": ">=5.4"
            },
            "require-dev": {
                "mindplay/testies": "dev-master",
                "phpunit/php-code-coverage": ">=2, <4"
            },
            "type": "library",
            "autoload": {
                "classmap": [
                    "src/"
                ]
            },
            "notification-url": "https://packagist.org/downloads/",
            "license": [
                "MIT"
            ],
            "description": "Formats PHP values as human-readable strings",
            "support": {
                "issues": "https://github.com/mindplay-dk/readable/issues",
                "source": "https://github.com/mindplay-dk/readable/tree/master"
            },
            "time": "2018-10-09T08:21:40+00:00"
        },
        {
            "name": "psr/container",
            "version": "2.0.2",
            "source": {
                "type": "git",
                "url": "https://github.com/php-fig/container.git",
                "reference": "c71ecc56dfe541dbd90c5360474fbc405f8d5963"
            },
            "dist": {
                "type": "zip",
                "url": "https://api.github.com/repos/php-fig/container/zipball/c71ecc56dfe541dbd90c5360474fbc405f8d5963",
                "reference": "c71ecc56dfe541dbd90c5360474fbc405f8d5963",
                "shasum": ""
            },
            "require": {
                "php": ">=7.4.0"
            },
            "type": "library",
            "extra": {
                "branch-alias": {
                    "dev-master": "2.0.x-dev"
                }
            },
            "autoload": {
                "psr-4": {
                    "Psr\\Container\\": "src/"
                }
            },
            "notification-url": "https://packagist.org/downloads/",
            "license": [
                "MIT"
            ],
            "authors": [
                {
                    "name": "PHP-FIG",
                    "homepage": "https://www.php-fig.org/"
                }
            ],
            "description": "Common Container Interface (PHP FIG PSR-11)",
            "homepage": "https://github.com/php-fig/container",
            "keywords": [
                "PSR-11",
                "container",
                "container-interface",
                "container-interop",
                "psr"
            ],
            "support": {
                "issues": "https://github.com/php-fig/container/issues",
                "source": "https://github.com/php-fig/container/tree/2.0.2"
            },
            "time": "2021-11-05T16:47:00+00:00"
        },
        {
            "name": "psr/http-message",
            "version": "2.0",
            "source": {
                "type": "git",
                "url": "https://github.com/php-fig/http-message.git",
                "reference": "402d35bcb92c70c026d1a6a9883f06b2ead23d71"
            },
            "dist": {
                "type": "zip",
                "url": "https://api.github.com/repos/php-fig/http-message/zipball/402d35bcb92c70c026d1a6a9883f06b2ead23d71",
                "reference": "402d35bcb92c70c026d1a6a9883f06b2ead23d71",
                "shasum": ""
            },
            "require": {
                "php": "^7.2 || ^8.0"
            },
            "type": "library",
            "extra": {
                "branch-alias": {
                    "dev-master": "2.0.x-dev"
                }
            },
            "autoload": {
                "psr-4": {
                    "Psr\\Http\\Message\\": "src/"
                }
            },
            "notification-url": "https://packagist.org/downloads/",
            "license": [
                "MIT"
            ],
            "authors": [
                {
                    "name": "PHP-FIG",
                    "homepage": "https://www.php-fig.org/"
                }
            ],
            "description": "Common interface for HTTP messages",
            "homepage": "https://github.com/php-fig/http-message",
            "keywords": [
                "http",
                "http-message",
                "psr",
                "psr-7",
                "request",
                "response"
            ],
            "support": {
                "source": "https://github.com/php-fig/http-message/tree/2.0"
            },
            "time": "2023-04-04T09:54:51+00:00"
        },
        {
            "name": "psr/http-server-handler",
            "version": "1.0.2",
            "source": {
                "type": "git",
                "url": "https://github.com/php-fig/http-server-handler.git",
                "reference": "84c4fb66179be4caaf8e97bd239203245302e7d4"
            },
            "dist": {
                "type": "zip",
                "url": "https://api.github.com/repos/php-fig/http-server-handler/zipball/84c4fb66179be4caaf8e97bd239203245302e7d4",
                "reference": "84c4fb66179be4caaf8e97bd239203245302e7d4",
                "shasum": ""
            },
            "require": {
                "php": ">=7.0",
                "psr/http-message": "^1.0 || ^2.0"
            },
            "type": "library",
            "extra": {
                "branch-alias": {
                    "dev-master": "1.0.x-dev"
                }
            },
            "autoload": {
                "psr-4": {
                    "Psr\\Http\\Server\\": "src/"
                }
            },
            "notification-url": "https://packagist.org/downloads/",
            "license": [
                "MIT"
            ],
            "authors": [
                {
                    "name": "PHP-FIG",
                    "homepage": "https://www.php-fig.org/"
                }
            ],
            "description": "Common interface for HTTP server-side request handler",
            "keywords": [
                "handler",
                "http",
                "http-interop",
                "psr",
                "psr-15",
                "psr-7",
                "request",
                "response",
                "server"
            ],
            "support": {
                "source": "https://github.com/php-fig/http-server-handler/tree/1.0.2"
            },
            "time": "2023-04-10T20:06:20+00:00"
        },
        {
            "name": "psr/http-server-middleware",
            "version": "1.0.2",
            "source": {
                "type": "git",
                "url": "https://github.com/php-fig/http-server-middleware.git",
                "reference": "c1481f747daaa6a0782775cd6a8c26a1bf4a3829"
            },
            "dist": {
                "type": "zip",
                "url": "https://api.github.com/repos/php-fig/http-server-middleware/zipball/c1481f747daaa6a0782775cd6a8c26a1bf4a3829",
                "reference": "c1481f747daaa6a0782775cd6a8c26a1bf4a3829",
                "shasum": ""
            },
            "require": {
                "php": ">=7.0",
                "psr/http-message": "^1.0 || ^2.0",
                "psr/http-server-handler": "^1.0"
            },
            "type": "library",
            "extra": {
                "branch-alias": {
                    "dev-master": "1.0.x-dev"
                }
            },
            "autoload": {
                "psr-4": {
                    "Psr\\Http\\Server\\": "src/"
                }
            },
            "notification-url": "https://packagist.org/downloads/",
            "license": [
                "MIT"
            ],
            "authors": [
                {
                    "name": "PHP-FIG",
                    "homepage": "https://www.php-fig.org/"
                }
            ],
            "description": "Common interface for HTTP server-side middleware",
            "keywords": [
                "http",
                "http-interop",
                "middleware",
                "psr",
                "psr-15",
                "psr-7",
                "request",
                "response"
            ],
            "support": {
                "issues": "https://github.com/php-fig/http-server-middleware/issues",
                "source": "https://github.com/php-fig/http-server-middleware/tree/1.0.2"
            },
            "time": "2023-04-11T06:14:47+00:00"
        }
    ],
    "packages-dev": [
        {
            "name": "mindplay/testies",
            "version": "1.0.0",
            "source": {
                "type": "git",
                "url": "https://github.com/mindplay-dk/testies.git",
                "reference": "6501bc0ec4599948ee83284aa926538af839de50"
            },
            "dist": {
                "type": "zip",
                "url": "https://api.github.com/repos/mindplay-dk/testies/zipball/6501bc0ec4599948ee83284aa926538af839de50",
                "reference": "6501bc0ec4599948ee83284aa926538af839de50",
                "shasum": ""
            },
            "require": {
                "php": "^7.3 || ^8.0"
            },
            "require-dev": {
                "guzzlehttp/guzzle": "^6.3.3",
                "phpunit/php-code-coverage": "^9.2.5"
            },
            "suggest": {
                "phpunit/php-code-coverage": "^9.2.5"
            },
            "type": "library",
            "autoload": {
                "files": [
                    "src/test.func.php"
                ],
                "psr-4": {
                    "mindplay\\testies\\": "src/"
                }
            },
            "notification-url": "https://packagist.org/downloads/",
            "license": [
                "MIT"
            ],
            "authors": [
                {
                    "name": "Rasmus Schultz",
                    "email": "rasmus@mindplay.dk"
                }
            ],
            "description": "Yeah, testies: a lightweight library for quick, simple unit-testing",
            "support": {
                "issues": "https://github.com/mindplay-dk/testies/issues",
                "source": "https://github.com/mindplay-dk/testies/tree/1.0.0"
            },
            "time": "2021-02-25T09:50:25+00:00"
        },
        {
            "name": "nikic/php-parser",
            "version": "v4.17.1",
            "source": {
                "type": "git",
                "url": "https://github.com/nikic/PHP-Parser.git",
                "reference": "a6303e50c90c355c7eeee2c4a8b27fe8dc8fef1d"
            },
            "dist": {
                "type": "zip",
                "url": "https://api.github.com/repos/nikic/PHP-Parser/zipball/a6303e50c90c355c7eeee2c4a8b27fe8dc8fef1d",
                "reference": "a6303e50c90c355c7eeee2c4a8b27fe8dc8fef1d",
                "shasum": ""
            },
            "require": {
                "ext-tokenizer": "*",
                "php": ">=7.0"
            },
            "require-dev": {
                "ircmaxell/php-yacc": "^0.0.7",
                "phpunit/phpunit": "^6.5 || ^7.0 || ^8.0 || ^9.0"
            },
            "bin": [
                "bin/php-parse"
            ],
            "type": "library",
            "extra": {
                "branch-alias": {
                    "dev-master": "4.9-dev"
                }
            },
            "autoload": {
                "psr-4": {
                    "PhpParser\\": "lib/PhpParser"
                }
            },
            "notification-url": "https://packagist.org/downloads/",
            "license": [
                "BSD-3-Clause"
            ],
            "authors": [
                {
                    "name": "Nikita Popov"
                }
            ],
            "description": "A PHP parser written in PHP",
            "keywords": [
                "parser",
                "php"
            ],
            "support": {
                "issues": "https://github.com/nikic/PHP-Parser/issues",
                "source": "https://github.com/nikic/PHP-Parser/tree/v4.17.1"
            },
            "time": "2023-08-13T19:53:39+00:00"
        },
        {
            "name": "nyholm/psr7",
            "version": "1.8.0",
            "source": {
                "type": "git",
                "url": "https://github.com/Nyholm/psr7.git",
                "reference": "3cb4d163b58589e47b35103e8e5e6a6a475b47be"
            },
            "dist": {
                "type": "zip",
                "url": "https://api.github.com/repos/Nyholm/psr7/zipball/3cb4d163b58589e47b35103e8e5e6a6a475b47be",
                "reference": "3cb4d163b58589e47b35103e8e5e6a6a475b47be",
                "shasum": ""
            },
            "require": {
                "php": ">=7.2",
                "psr/http-factory": "^1.0",
                "psr/http-message": "^1.1 || ^2.0"
            },
            "provide": {
                "php-http/message-factory-implementation": "1.0",
                "psr/http-factory-implementation": "1.0",
                "psr/http-message-implementation": "1.0"
            },
            "require-dev": {
                "http-interop/http-factory-tests": "^0.9",
                "php-http/message-factory": "^1.0",
                "php-http/psr7-integration-tests": "^1.0",
                "phpunit/phpunit": "^7.5 || ^8.5 || ^9.4",
                "symfony/error-handler": "^4.4"
            },
            "type": "library",
            "extra": {
                "branch-alias": {
                    "dev-master": "1.8-dev"
                }
            },
            "autoload": {
                "psr-4": {
                    "Nyholm\\Psr7\\": "src/"
                }
            },
            "notification-url": "https://packagist.org/downloads/",
            "license": [
                "MIT"
            ],
            "authors": [
                {
                    "name": "Tobias Nyholm",
                    "email": "tobias.nyholm@gmail.com"
                },
                {
                    "name": "Martijn van der Ven",
                    "email": "martijn@vanderven.se"
                }
            ],
            "description": "A fast PHP7 implementation of PSR-7",
            "homepage": "https://tnyholm.se",
            "keywords": [
                "psr-17",
                "psr-7"
            ],
            "support": {
                "issues": "https://github.com/Nyholm/psr7/issues",
                "source": "https://github.com/Nyholm/psr7/tree/1.8.0"
            },
            "funding": [
                {
                    "url": "https://github.com/Zegnat",
                    "type": "github"
                },
                {
                    "url": "https://github.com/nyholm",
                    "type": "github"
                }
            ],
            "time": "2023-05-02T11:26:24+00:00"
        },
        {
            "name": "phpunit/php-code-coverage",
            "version": "9.2.29",
            "source": {
                "type": "git",
                "url": "https://github.com/sebastianbergmann/php-code-coverage.git",
                "reference": "6a3a87ac2bbe33b25042753df8195ba4aa534c76"
            },
            "dist": {
                "type": "zip",
                "url": "https://api.github.com/repos/sebastianbergmann/php-code-coverage/zipball/6a3a87ac2bbe33b25042753df8195ba4aa534c76",
                "reference": "6a3a87ac2bbe33b25042753df8195ba4aa534c76",
                "shasum": ""
            },
            "require": {
                "ext-dom": "*",
                "ext-libxml": "*",
                "ext-xmlwriter": "*",
                "nikic/php-parser": "^4.15",
                "php": ">=7.3",
                "phpunit/php-file-iterator": "^3.0.3",
                "phpunit/php-text-template": "^2.0.2",
                "sebastian/code-unit-reverse-lookup": "^2.0.2",
                "sebastian/complexity": "^2.0",
                "sebastian/environment": "^5.1.2",
                "sebastian/lines-of-code": "^1.0.3",
                "sebastian/version": "^3.0.1",
                "theseer/tokenizer": "^1.2.0"
            },
            "require-dev": {
                "phpunit/phpunit": "^9.3"
            },
            "suggest": {
                "ext-pcov": "PHP extension that provides line coverage",
                "ext-xdebug": "PHP extension that provides line coverage as well as branch and path coverage"
            },
            "type": "library",
            "extra": {
                "branch-alias": {
                    "dev-master": "9.2-dev"
                }
            },
            "autoload": {
                "classmap": [
                    "src/"
                ]
            },
            "notification-url": "https://packagist.org/downloads/",
            "license": [
                "BSD-3-Clause"
            ],
            "authors": [
                {
                    "name": "Sebastian Bergmann",
                    "email": "sebastian@phpunit.de",
                    "role": "lead"
                }
            ],
            "description": "Library that provides collection, processing, and rendering functionality for PHP code coverage information.",
            "homepage": "https://github.com/sebastianbergmann/php-code-coverage",
            "keywords": [
                "coverage",
                "testing",
                "xunit"
            ],
            "support": {
                "issues": "https://github.com/sebastianbergmann/php-code-coverage/issues",
                "security": "https://github.com/sebastianbergmann/php-code-coverage/security/policy",
                "source": "https://github.com/sebastianbergmann/php-code-coverage/tree/9.2.29"
            },
            "funding": [
                {
                    "url": "https://github.com/sebastianbergmann",
                    "type": "github"
                }
            ],
            "time": "2023-09-19T04:57:46+00:00"
        },
        {
            "name": "phpunit/php-file-iterator",
            "version": "3.0.6",
            "source": {
                "type": "git",
                "url": "https://github.com/sebastianbergmann/php-file-iterator.git",
                "reference": "cf1c2e7c203ac650e352f4cc675a7021e7d1b3cf"
            },
            "dist": {
                "type": "zip",
                "url": "https://api.github.com/repos/sebastianbergmann/php-file-iterator/zipball/cf1c2e7c203ac650e352f4cc675a7021e7d1b3cf",
                "reference": "cf1c2e7c203ac650e352f4cc675a7021e7d1b3cf",
                "shasum": ""
            },
            "require": {
                "php": ">=7.3"
            },
            "require-dev": {
                "phpunit/phpunit": "^9.3"
            },
            "type": "library",
            "extra": {
                "branch-alias": {
                    "dev-master": "3.0-dev"
                }
            },
            "autoload": {
                "classmap": [
                    "src/"
                ]
            },
            "notification-url": "https://packagist.org/downloads/",
            "license": [
                "BSD-3-Clause"
            ],
            "authors": [
                {
                    "name": "Sebastian Bergmann",
                    "email": "sebastian@phpunit.de",
                    "role": "lead"
                }
            ],
            "description": "FilterIterator implementation that filters files based on a list of suffixes.",
            "homepage": "https://github.com/sebastianbergmann/php-file-iterator/",
            "keywords": [
                "filesystem",
                "iterator"
            ],
            "support": {
                "issues": "https://github.com/sebastianbergmann/php-file-iterator/issues",
                "source": "https://github.com/sebastianbergmann/php-file-iterator/tree/3.0.6"
            },
            "funding": [
                {
                    "url": "https://github.com/sebastianbergmann",
                    "type": "github"
                }
            ],
            "time": "2021-12-02T12:48:52+00:00"
        },
        {
            "name": "phpunit/php-text-template",
            "version": "2.0.4",
            "source": {
                "type": "git",
                "url": "https://github.com/sebastianbergmann/php-text-template.git",
                "reference": "5da5f67fc95621df9ff4c4e5a84d6a8a2acf7c28"
            },
            "dist": {
                "type": "zip",
                "url": "https://api.github.com/repos/sebastianbergmann/php-text-template/zipball/5da5f67fc95621df9ff4c4e5a84d6a8a2acf7c28",
                "reference": "5da5f67fc95621df9ff4c4e5a84d6a8a2acf7c28",
                "shasum": ""
            },
            "require": {
                "php": ">=7.3"
            },
            "require-dev": {
                "phpunit/phpunit": "^9.3"
            },
            "type": "library",
            "extra": {
                "branch-alias": {
                    "dev-master": "2.0-dev"
                }
            },
            "autoload": {
                "classmap": [
                    "src/"
                ]
            },
            "notification-url": "https://packagist.org/downloads/",
            "license": [
                "BSD-3-Clause"
            ],
            "authors": [
                {
                    "name": "Sebastian Bergmann",
                    "email": "sebastian@phpunit.de",
                    "role": "lead"
                }
            ],
            "description": "Simple template engine.",
            "homepage": "https://github.com/sebastianbergmann/php-text-template/",
            "keywords": [
                "template"
            ],
            "support": {
                "issues": "https://github.com/sebastianbergmann/php-text-template/issues",
                "source": "https://github.com/sebastianbergmann/php-text-template/tree/2.0.4"
            },
            "funding": [
                {
                    "url": "https://github.com/sebastianbergmann",
                    "type": "github"
                }
            ],
            "time": "2020-10-26T05:33:50+00:00"
        },
        {
            "name": "psr/http-factory",
            "version": "1.0.2",
            "source": {
                "type": "git",
                "url": "https://github.com/php-fig/http-factory.git",
                "reference": "e616d01114759c4c489f93b099585439f795fe35"
            },
            "dist": {
                "type": "zip",
                "url": "https://api.github.com/repos/php-fig/http-factory/zipball/e616d01114759c4c489f93b099585439f795fe35",
                "reference": "e616d01114759c4c489f93b099585439f795fe35",
                "shasum": ""
            },
            "require": {
                "php": ">=7.0.0",
                "psr/http-message": "^1.0 || ^2.0"
            },
            "type": "library",
            "extra": {
                "branch-alias": {
                    "dev-master": "1.0.x-dev"
                }
            },
            "autoload": {
                "psr-4": {
                    "Psr\\Http\\Message\\": "src/"
                }
            },
            "notification-url": "https://packagist.org/downloads/",
            "license": [
                "MIT"
            ],
            "authors": [
                {
                    "name": "PHP-FIG",
                    "homepage": "https://www.php-fig.org/"
                }
            ],
            "description": "Common interfaces for PSR-7 HTTP message factories",
            "keywords": [
                "factory",
                "http",
                "message",
                "psr",
                "psr-17",
                "psr-7",
                "request",
                "response"
            ],
            "support": {
                "source": "https://github.com/php-fig/http-factory/tree/1.0.2"
            },
            "time": "2023-04-10T20:10:41+00:00"
        },
        {
            "name": "sebastian/code-unit-reverse-lookup",
            "version": "2.0.3",
            "source": {
                "type": "git",
                "url": "https://github.com/sebastianbergmann/code-unit-reverse-lookup.git",
                "reference": "ac91f01ccec49fb77bdc6fd1e548bc70f7faa3e5"
            },
            "dist": {
                "type": "zip",
                "url": "https://api.github.com/repos/sebastianbergmann/code-unit-reverse-lookup/zipball/ac91f01ccec49fb77bdc6fd1e548bc70f7faa3e5",
                "reference": "ac91f01ccec49fb77bdc6fd1e548bc70f7faa3e5",
                "shasum": ""
            },
            "require": {
                "php": ">=7.3"
            },
            "require-dev": {
                "phpunit/phpunit": "^9.3"
            },
            "type": "library",
            "extra": {
                "branch-alias": {
                    "dev-master": "2.0-dev"
                }
            },
            "autoload": {
                "classmap": [
                    "src/"
                ]
            },
            "notification-url": "https://packagist.org/downloads/",
            "license": [
                "BSD-3-Clause"
            ],
            "authors": [
                {
                    "name": "Sebastian Bergmann",
                    "email": "sebastian@phpunit.de"
                }
            ],
            "description": "Looks up which function or method a line of code belongs to",
            "homepage": "https://github.com/sebastianbergmann/code-unit-reverse-lookup/",
            "support": {
                "issues": "https://github.com/sebastianbergmann/code-unit-reverse-lookup/issues",
                "source": "https://github.com/sebastianbergmann/code-unit-reverse-lookup/tree/2.0.3"
            },
            "funding": [
                {
                    "url": "https://github.com/sebastianbergmann",
                    "type": "github"
                }
            ],
            "time": "2020-09-28T05:30:19+00:00"
        },
        {
            "name": "sebastian/complexity",
            "version": "2.0.2",
            "source": {
                "type": "git",
                "url": "https://github.com/sebastianbergmann/complexity.git",
                "reference": "739b35e53379900cc9ac327b2147867b8b6efd88"
            },
            "dist": {
                "type": "zip",
                "url": "https://api.github.com/repos/sebastianbergmann/complexity/zipball/739b35e53379900cc9ac327b2147867b8b6efd88",
                "reference": "739b35e53379900cc9ac327b2147867b8b6efd88",
                "shasum": ""
            },
            "require": {
                "nikic/php-parser": "^4.7",
                "php": ">=7.3"
            },
            "require-dev": {
                "phpunit/phpunit": "^9.3"
            },
            "type": "library",
            "extra": {
                "branch-alias": {
                    "dev-master": "2.0-dev"
                }
            },
            "autoload": {
                "classmap": [
                    "src/"
                ]
            },
            "notification-url": "https://packagist.org/downloads/",
            "license": [
                "BSD-3-Clause"
            ],
            "authors": [
                {
                    "name": "Sebastian Bergmann",
                    "email": "sebastian@phpunit.de",
                    "role": "lead"
                }
            ],
            "description": "Library for calculating the complexity of PHP code units",
            "homepage": "https://github.com/sebastianbergmann/complexity",
            "support": {
                "issues": "https://github.com/sebastianbergmann/complexity/issues",
                "source": "https://github.com/sebastianbergmann/complexity/tree/2.0.2"
            },
            "funding": [
                {
                    "url": "https://github.com/sebastianbergmann",
                    "type": "github"
                }
            ],
            "time": "2020-10-26T15:52:27+00:00"
        },
        {
            "name": "sebastian/environment",
            "version": "5.1.5",
            "source": {
                "type": "git",
                "url": "https://github.com/sebastianbergmann/environment.git",
                "reference": "830c43a844f1f8d5b7a1f6d6076b784454d8b7ed"
            },
            "dist": {
                "type": "zip",
                "url": "https://api.github.com/repos/sebastianbergmann/environment/zipball/830c43a844f1f8d5b7a1f6d6076b784454d8b7ed",
                "reference": "830c43a844f1f8d5b7a1f6d6076b784454d8b7ed",
                "shasum": ""
            },
            "require": {
                "php": ">=7.3"
            },
            "require-dev": {
                "phpunit/phpunit": "^9.3"
            },
            "suggest": {
                "ext-posix": "*"
            },
            "type": "library",
            "extra": {
                "branch-alias": {
                    "dev-master": "5.1-dev"
                }
            },
            "autoload": {
                "classmap": [
                    "src/"
                ]
            },
            "notification-url": "https://packagist.org/downloads/",
            "license": [
                "BSD-3-Clause"
            ],
            "authors": [
                {
                    "name": "Sebastian Bergmann",
                    "email": "sebastian@phpunit.de"
                }
            ],
            "description": "Provides functionality to handle HHVM/PHP environments",
            "homepage": "http://www.github.com/sebastianbergmann/environment",
            "keywords": [
                "Xdebug",
                "environment",
                "hhvm"
            ],
            "support": {
                "issues": "https://github.com/sebastianbergmann/environment/issues",
                "source": "https://github.com/sebastianbergmann/environment/tree/5.1.5"
            },
            "funding": [
                {
                    "url": "https://github.com/sebastianbergmann",
                    "type": "github"
                }
            ],
            "time": "2023-02-03T06:03:51+00:00"
        },
        {
            "name": "sebastian/lines-of-code",
            "version": "1.0.3",
            "source": {
                "type": "git",
                "url": "https://github.com/sebastianbergmann/lines-of-code.git",
                "reference": "c1c2e997aa3146983ed888ad08b15470a2e22ecc"
            },
            "dist": {
                "type": "zip",
                "url": "https://api.github.com/repos/sebastianbergmann/lines-of-code/zipball/c1c2e997aa3146983ed888ad08b15470a2e22ecc",
                "reference": "c1c2e997aa3146983ed888ad08b15470a2e22ecc",
                "shasum": ""
            },
            "require": {
                "nikic/php-parser": "^4.6",
                "php": ">=7.3"
            },
            "require-dev": {
                "phpunit/phpunit": "^9.3"
            },
            "type": "library",
            "extra": {
                "branch-alias": {
                    "dev-master": "1.0-dev"
                }
            },
            "autoload": {
                "classmap": [
                    "src/"
                ]
            },
            "notification-url": "https://packagist.org/downloads/",
            "license": [
                "BSD-3-Clause"
            ],
            "authors": [
                {
                    "name": "Sebastian Bergmann",
                    "email": "sebastian@phpunit.de",
                    "role": "lead"
                }
            ],
            "description": "Library for counting the lines of code in PHP source code",
            "homepage": "https://github.com/sebastianbergmann/lines-of-code",
            "support": {
                "issues": "https://github.com/sebastianbergmann/lines-of-code/issues",
                "source": "https://github.com/sebastianbergmann/lines-of-code/tree/1.0.3"
            },
            "funding": [
                {
                    "url": "https://github.com/sebastianbergmann",
                    "type": "github"
                }
            ],
            "time": "2020-11-28T06:42:11+00:00"
        },
        {
            "name": "sebastian/version",
            "version": "3.0.2",
            "source": {
                "type": "git",
                "url": "https://github.com/sebastianbergmann/version.git",
                "reference": "c6c1022351a901512170118436c764e473f6de8c"
            },
            "dist": {
                "type": "zip",
                "url": "https://api.github.com/repos/sebastianbergmann/version/zipball/c6c1022351a901512170118436c764e473f6de8c",
                "reference": "c6c1022351a901512170118436c764e473f6de8c",
                "shasum": ""
            },
            "require": {
                "php": ">=7.3"
            },
            "type": "library",
            "extra": {
                "branch-alias": {
                    "dev-master": "3.0-dev"
                }
            },
            "autoload": {
                "classmap": [
                    "src/"
                ]
            },
            "notification-url": "https://packagist.org/downloads/",
            "license": [
                "BSD-3-Clause"
            ],
            "authors": [
                {
                    "name": "Sebastian Bergmann",
                    "email": "sebastian@phpunit.de",
                    "role": "lead"
                }
            ],
            "description": "Library that helps with managing the version number of Git-hosted PHP projects",
            "homepage": "https://github.com/sebastianbergmann/version",
            "support": {
                "issues": "https://github.com/sebastianbergmann/version/issues",
                "source": "https://github.com/sebastianbergmann/version/tree/3.0.2"
            },
            "funding": [
                {
                    "url": "https://github.com/sebastianbergmann",
                    "type": "github"
                }
            ],
            "time": "2020-09-28T06:39:44+00:00"
        },
        {
            "name": "theseer/tokenizer",
            "version": "1.2.1",
            "source": {
                "type": "git",
                "url": "https://github.com/theseer/tokenizer.git",
                "reference": "34a41e998c2183e22995f158c581e7b5e755ab9e"
            },
            "dist": {
                "type": "zip",
                "url": "https://api.github.com/repos/theseer/tokenizer/zipball/34a41e998c2183e22995f158c581e7b5e755ab9e",
                "reference": "34a41e998c2183e22995f158c581e7b5e755ab9e",
                "shasum": ""
            },
            "require": {
                "ext-dom": "*",
                "ext-tokenizer": "*",
                "ext-xmlwriter": "*",
                "php": "^7.2 || ^8.0"
            },
            "type": "library",
            "autoload": {
                "classmap": [
                    "src/"
                ]
            },
            "notification-url": "https://packagist.org/downloads/",
            "license": [
                "BSD-3-Clause"
            ],
            "authors": [
                {
                    "name": "Arne Blankerts",
                    "email": "arne@blankerts.de",
                    "role": "Developer"
                }
            ],
            "description": "A small library for converting tokenized PHP source code into XML and potentially other formats",
            "support": {
                "issues": "https://github.com/theseer/tokenizer/issues",
                "source": "https://github.com/theseer/tokenizer/tree/1.2.1"
            },
            "funding": [
                {
                    "url": "https://github.com/theseer",
                    "type": "github"
                }
            ],
            "time": "2021-07-28T10:34:58+00:00"
        }
    ],
    "aliases": [],
    "minimum-stability": "stable",
    "stability-flags": [],
    "prefer-stable": false,
    "prefer-lowest": false,
    "platform": {
        "php": "^7.3 || ^8.0"
    },
    "platform-dev": [],
    "plugin-api-version": "2.6.0"
}
